
Microsoft Visual Studio Solution File, Format Version 12.00
# Visual Studio Version 16
VisualStudioVersion = 16.0.31702.278
MinimumVisualStudioVersion = 10.0.40219.1
Project("{FAE04EC0-301F-11D3-BF4B-00C04F79EFBC}") = "Döviz_Ofisi", "Döviz_Ofisi\Döviz_Ofisi.csproj", "{61CD6383-6C06-4E8E-8FD2-001C3112E92F}"
EndProject
Global
	GlobalSection(SolutionConfigurationPlatforms) = preSolution
		Debug|Any CPU = Debug|Any CPU
		Release|Any CPU = Release|Any CPU
	EndGlobalSection
	GlobalSection(ProjectConfigurationPlatforms) = postSolution
		{61CD6383-6C06-4E8E-8FD2-001C3112E92F}.Debug|Any CPU.ActiveCfg = Debug|Any CPU
		{61CD6383-6C06-4E8E-8FD2-001C3112E92F}.Debug|Any CPU.Build.0 = Debug|Any CPU
		{61CD6383-6C06-4E8E-8FD2-001C3112E92F}.Release|Any CPU.ActiveCfg = Release|Any CPU
		{61CD6383-6C06-4E8E-8FD2-001C3112E92F}.Release|Any CPU.Build.0 = Release|Any CPU
	EndGlobalSection
	GlobalSection(SolutionProperties) = preSolution
		HideSolutionNode = FALSE
	EndGlobalSection
	GlobalSection(ExtensibilityGlobals) = postSolution
		SolutionGuid = {D796463E-EC83-4EB7-9ED8-1FAAF86B2980}
	EndGlobalSection
EndGlobal
